// !$*UTF8*$!
{
	archiveVersion = 1;
	classes = {
	};
	objectVersion = 56;
	objects = {

/* Begin PBXBuildFile section */
		434CD5E6297C72A500618330 /* SunAndMoon.swift in Sources */ = {isa = PBXBuildFile; fileRef = 434CD5E5297C72A500618330 /* SunAndMoon.swift */; };
		434CD5EB297C7DD700618330 /* ShimmerEffect.swift in Sources */ = {isa = PBXBuildFile; fileRef = 434CD5EA297C7DD700618330 /* ShimmerEffect.swift */; };
		434CD5ED297DBB7300618330 /* RotationAnimation.swift in Sources */ = {isa = PBXBuildFile; fileRef = 434CD5EC297DBB7300618330 /* RotationAnimation.swift */; };
		4375CC3929166F3800B317BD /* AnimationsApp.swift in Sources */ = {isa = PBXBuildFile; fileRef = 4375CC3829166F3800B317BD /* AnimationsApp.swift */; };
		4375CC3B29166F3800B317BD /* ContentView.swift in Sources */ = {isa = PBXBuildFile; fileRef = 4375CC3A29166F3800B317BD /* ContentView.swift */; };
		4375CC3D29166F3A00B317BD /* Assets.xcassets in Resources */ = {isa = PBXBuildFile; fileRef = 4375CC3C29166F3A00B317BD /* Assets.xcassets */; };
		4375CC4029166F3A00B317BD /* Preview Assets.xcassets in Resources */ = {isa = PBXBuildFile; fileRef = 4375CC3F29166F3A00B317BD /* Preview Assets.xcassets */; };
		4375CC472916747400B317BD /* BellAnimation.swift in Sources */ = {isa = PBXBuildFile; fileRef = 4375CC462916747400B317BD /* BellAnimation.swift */; };
		4375CC49291674BF00B317BD /* HamburgerToBack.swift in Sources */ = {isa = PBXBuildFile; fileRef = 4375CC48291674BF00B317BD /* HamburgerToBack.swift */; };
		4375CC4B2916767800B317BD /* HamburgerToClose.swift in Sources */ = {isa = PBXBuildFile; fileRef = 4375CC4A2916767800B317BD /* HamburgerToClose.swift */; };
		4375CC4D291678A300B317BD /* DanglingLight.swift in Sources */ = {isa = PBXBuildFile; fileRef = 4375CC4C291678A300B317BD /* DanglingLight.swift */; };
		4375CC4F29167DCB00B317BD /* ExpandedView.swift in Sources */ = {isa = PBXBuildFile; fileRef = 4375CC4E29167DCB00B317BD /* ExpandedView.swift */; };
		4375CC512916842E00B317BD /* CountDownTimer.swift in Sources */ = {isa = PBXBuildFile; fileRef = 4375CC502916842E00B317BD /* CountDownTimer.swift */; };
		4375CC532916880E00B317BD /* CountUpTimer.swift in Sources */ = {isa = PBXBuildFile; fileRef = 4375CC522916880E00B317BD /* CountUpTimer.swift */; };
		4375CC5729168A4600B317BD /* AnimatingAlignment.swift in Sources */ = {isa = PBXBuildFile; fileRef = 4375CC5629168A4600B317BD /* AnimatingAlignment.swift */; };
		4375CC592916A0C700B317BD /* TabBarLight.swift in Sources */ = {isa = PBXBuildFile; fileRef = 4375CC582916A0C700B317BD /* TabBarLight.swift */; };
		4375CC5C2916AD1900B317BD /* SmartHomeView.swift in Sources */ = {isa = PBXBuildFile; fileRef = 4375CC5B2916AD1900B317BD /* SmartHomeView.swift */; };
/* End PBXBuildFile section */

/* Begin PBXFileReference section */
		434CD5E5297C72A500618330 /* SunAndMoon.swift */ = {isa = PBXFileReference; lastKnownFileType = sourcecode.swift; path = SunAndMoon.swift; sourceTree = "<group>"; };
		434CD5EA297C7DD700618330 /* ShimmerEffect.swift */ = {isa = PBXFileReference; lastKnownFileType = sourcecode.swift; path = ShimmerEffect.swift; sourceTree = "<group>"; };
		434CD5EC297DBB7300618330 /* RotationAnimation.swift */ = {isa = PBXFileReference; lastKnownFileType = sourcecode.swift; path = RotationAnimation.swift; sourceTree = "<group>"; };
		4375CC3529166F3800B317BD /* Animations.app */ = {isa = PBXFileReference; explicitFileType = wrapper.application; includeInIndex = 0; path = Animations.app; sourceTree = BUILT_PRODUCTS_DIR; };
		4375CC3829166F3800B317BD /* AnimationsApp.swift */ = {isa = PBXFileReference; lastKnownFileType = sourcecode.swift; path = AnimationsApp.swift; sourceTree = "<group>"; };
		4375CC3A29166F3800B317BD /* ContentView.swift */ = {isa = PBXFileReference; lastKnownFileType = sourcecode.swift; path = ContentView.swift; sourceTree = "<group>"; };
		4375CC3C29166F3A00B317BD /* Assets.xcassets */ = {isa = PBXFileReference; lastKnownFileType = folder.assetcatalog; path = Assets.xcassets; sourceTree = "<group>"; };
		4375CC3F29166F3A00B317BD /* Preview Assets.xcassets */ = {isa = PBXFileReference; lastKnownFileType = folder.assetcatalog; path = "Preview Assets.xcassets"; sourceTree = "<group>"; };
		4375CC462916747400B317BD /* BellAnimation.swift */ = {isa = PBXFileReference; lastKnownFileType = sourcecode.swift; path = BellAnimation.swift; sourceTree = "<group>"; };
		4375CC48291674BF00B317BD /* HamburgerToBack.swift */ = {isa = PBXFileReference; lastKnownFileType = sourcecode.swift; path = HamburgerToBack.swift; sourceTree = "<group>"; };
		4375CC4A2916767800B317BD /* HamburgerToClose.swift */ = {isa = PBXFileReference; lastKnownFileType = sourcecode.swift; path = HamburgerToClose.swift; sourceTree = "<group>"; };
		4375CC4C291678A300B317BD /* DanglingLight.swift */ = {isa = PBXFileReference; lastKnownFileType = sourcecode.swift; path = DanglingLight.swift; sourceTree = "<group>"; };
		4375CC4E29167DCB00B317BD /* ExpandedView.swift */ = {isa = PBXFileReference; lastKnownFileType = sourcecode.swift; path = ExpandedView.swift; sourceTree = "<group>"; };
		4375CC502916842E00B317BD /* CountDownTimer.swift */ = {isa = PBXFileReference; lastKnownFileType = sourcecode.swift; path = CountDownTimer.swift; sourceTree = "<group>"; };
		4375CC522916880E00B317BD /* CountUpTimer.swift */ = {isa = PBXFileReference; lastKnownFileType = sourcecode.swift; path = CountUpTimer.swift; sourceTree = "<group>"; };
		4375CC5629168A4600B317BD /* AnimatingAlignment.swift */ = {isa = PBXFileReference; lastKnownFileType = sourcecode.swift; path = AnimatingAlignment.swift; sourceTree = "<group>"; };
		4375CC582916A0C700B317BD /* TabBarLight.swift */ = {isa = PBXFileReference; lastKnownFileType = sourcecode.swift; path = TabBarLight.swift; sourceTree = "<group>"; };
		4375CC5B2916AD1900B317BD /* SmartHomeView.swift */ = {isa = PBXFileReference; lastKnownFileType = sourcecode.swift; path = SmartHomeView.swift; sourceTree = "<group>"; };
/* End PBXFileReference section */

/* Begin PBXFrameworksBuildPhase section */
		4375CC3229166F3800B317BD /* Frameworks */ = {
			isa = PBXFrameworksBuildPhase;
			buildActionMask = 2147483647;
			files = (
			);
			runOnlyForDeploymentPostprocessing = 0;
		};
/* End PBXFrameworksBuildPhase section */

/* Begin PBXGroup section */
		434CD5E7297C7D9B00618330 /* Core Animation */ = {
			isa = PBXGroup;
			children = (
				434CD5EA297C7DD700618330 /* ShimmerEffect.swift */,
				434CD5EC297DBB7300618330 /* RotationAnimation.swift */,
			);
			path = "Core Animation";
			sourceTree = "<group>";
		};
		4375CC2C29166F3800B317BD = {
			isa = PBXGroup;
			children = (
				4375CC3729166F3800B317BD /* Animations */,
				4375CC3629166F3800B317BD /* Products */,
			);
			sourceTree = "<group>";
		};
		4375CC3629166F3800B317BD /* Products */ = {
			isa = PBXGroup;
			children = (
				4375CC3529166F3800B317BD /* Animations.app */,
			);
			name = Products;
			sourceTree = "<group>";
		};
		4375CC3729166F3800B317BD /* Animations */ = {
			isa = PBXGroup;
			children = (
				434CD5E7297C7D9B00618330 /* Core Animation */,
				4375CC5A2916A5AF00B317BD /* Smart Home */,
				4375CC5529168A0F00B317BD /* How Things Move */,
				4375CC542916899700B317BD /* Basics */,
				4375CC3829166F3800B317BD /* AnimationsApp.swift */,
				4375CC4C291678A300B317BD /* DanglingLight.swift */,
				4375CC3A29166F3800B317BD /* ContentView.swift */,
				4375CC3C29166F3A00B317BD /* Assets.xcassets */,
				4375CC3E29166F3A00B317BD /* Preview Content */,
			);
			path = Animations;
			sourceTree = "<group>";
		};
		4375CC3E29166F3A00B317BD /* Preview Content */ = {
			isa = PBXGroup;
			children = (
				4375CC3F29166F3A00B317BD /* Preview Assets.xcassets */,
			);
			path = "Preview Content";
			sourceTree = "<group>";
		};
		4375CC542916899700B317BD /* Basics */ = {
			isa = PBXGroup;
			children = (
				4375CC4E29167DCB00B317BD /* ExpandedView.swift */,
				4375CC522916880E00B317BD /* CountUpTimer.swift */,
				4375CC462916747400B317BD /* BellAnimation.swift */,
				4375CC4A2916767800B317BD /* HamburgerToClose.swift */,
				4375CC48291674BF00B317BD /* HamburgerToBack.swift */,
				4375CC502916842E00B317BD /* CountDownTimer.swift */,
			);
			path = Basics;
			sourceTree = "<group>";
		};
		4375CC5529168A0F00B317BD /* How Things Move */ = {
			isa = PBXGroup;
			children = (
				4375CC5629168A4600B317BD /* AnimatingAlignment.swift */,
				434CD5E5297C72A500618330 /* SunAndMoon.swift */,
			);
			path = "How Things Move";
			sourceTree = "<group>";
		};
		4375CC5A2916A5AF00B317BD /* Smart Home */ = {
			isa = PBXGroup;
			children = (
				4375CC582916A0C700B317BD /* TabBarLight.swift */,
				4375CC5B2916AD1900B317BD /* SmartHomeView.swift */,
			);
			path = "Smart Home";
			sourceTree = "<group>";
		};
/* End PBXGroup section */

/* Begin PBXNativeTarget section */
		4375CC3429166F3800B317BD /* Animations */ = {
			isa = PBXNativeTarget;
			buildConfigurationList = 4375CC4329166F3A00B317BD /* Build configuration list for PBXNativeTarget "Animations" */;
			buildPhases = (
				4375CC3129166F3800B317BD /* Sources */,
				4375CC3229166F3800B317BD /* Frameworks */,
				4375CC3329166F3800B317BD /* Resources */,
			);
			buildRules = (
			);
			dependencies = (
			);
			name = Animations;
			productName = Animations;
			productReference = 4375CC3529166F3800B317BD /* Animations.app */;
			productType = "com.apple.product-type.application";
		};
/* End PBXNativeTarget section */

/* Begin PBXProject section */
		4375CC2D29166F3800B317BD /* Project object */ = {
			isa = PBXProject;
			attributes = {
				BuildIndependentTargetsInParallel = 1;
				LastSwiftUpdateCheck = 1410;
				LastUpgradeCheck = 1410;
				TargetAttributes = {
					4375CC3429166F3800B317BD = {
						CreatedOnToolsVersion = 14.1;
					};
				};
			};
			buildConfigurationList = 4375CC3029166F3800B317BD /* Build configuration list for PBXProject "Animations" */;
			compatibilityVersion = "Xcode 14.0";
			developmentRegion = en;
			hasScannedForEncodings = 0;
			knownRegions = (
				en,
				Base,
			);
			mainGroup = 4375CC2C29166F3800B317BD;
			productRefGroup = 4375CC3629166F3800B317BD /* Products */;
			projectDirPath = "";
			projectRoot = "";
			targets = (
				4375CC3429166F3800B317BD /* Animations */,
			);
		};
/* End PBXProject section */

/* Begin PBXResourcesBuildPhase section */
		4375CC3329166F3800B317BD /* Resources */ = {
			isa = PBXResourcesBuildPhase;
			buildActionMask = 2147483647;
			files = (
				4375CC4029166F3A00B317BD /* Preview Assets.xcassets in Resources */,
				4375CC3D29166F3A00B317BD /* Assets.xcassets in Resources */,
			);
			runOnlyForDeploymentPostprocessing = 0;
		};
/* End PBXResourcesBuildPhase section */

/* Begin PBXSourcesBuildPhase section */
		4375CC3129166F3800B317BD /* Sources */ = {
			isa = PBXSourcesBuildPhase;
			buildActionMask = 2147483647;
			files = (
				4375CC532916880E00B317BD /* CountUpTimer.swift in Sources */,
				4375CC4F29167DCB00B317BD /* ExpandedView.swift in Sources */,
				4375CC512916842E00B317BD /* CountDownTimer.swift in Sources */,
				434CD5ED297DBB7300618330 /* RotationAnimation.swift in Sources */,
				4375CC472916747400B317BD /* BellAnimation.swift in Sources */,
				434CD5E6297C72A500618330 /* SunAndMoon.swift in Sources */,
				4375CC49291674BF00B317BD /* HamburgerToBack.swift in Sources */,
				4375CC4D291678A300B317BD /* DanglingLight.swift in Sources */,
				4375CC3B29166F3800B317BD /* ContentView.swift in Sources */,
				434CD5EB297C7DD700618330 /* ShimmerEffect.swift in Sources */,
				4375CC592916A0C700B317BD /* TabBarLight.swift in Sources */,
				4375CC4B2916767800B317BD /* HamburgerToClose.swift in Sources */,
				4375CC5C2916AD1900B317BD /* SmartHomeView.swift in Sources */,
				4375CC5729168A4600B317BD /* AnimatingAlignment.swift in Sources */,
				4375CC3929166F3800B317BD /* AnimationsApp.swift in Sources */,
			);
			runOnlyForDeploymentPostprocessing = 0;
		};
/* End PBXSourcesBuildPhase section */

/* Begin XCBuildConfiguration section */
		4375CC4129166F3A00B317BD /* Debug */ = {
			isa = XCBuildConfiguration;
			buildSettings = {
				ALWAYS_SEARCH_USER_PATHS = NO;
				CLANG_ANALYZER_NONNULL = YES;
				CLANG_ANALYZER_NUMBER_OBJECT_CONVERSION = YES_AGGRESSIVE;
				CLANG_CXX_LANGUAGE_STANDARD = "gnu++20";
				CLANG_ENABLE_MODULES = YES;
				CLANG_ENABLE_OBJC_ARC = YES;
				CLANG_ENABLE_OBJC_WEAK = YES;
				CLANG_WARN_BLOCK_CAPTURE_AUTORELEASING = YES;
				CLANG_WARN_BOOL_CONVERSION = YES;
				CLANG_WARN_COMMA = YES;
				CLANG_WARN_CONSTANT_CONVERSION = YES;
				CLANG_WARN_DEPRECATED_OBJC_IMPLEMENTATIONS = YES;
				CLANG_WARN_DIRECT_OBJC_ISA_USAGE = YES_ERROR;
				CLANG_WARN_DOCUMENTATION_COMMENTS = YES;
				CLANG_WARN_EMPTY_BODY = YES;
				CLANG_WARN_ENUM_CONVERSION = YES;
				CLANG_WARN_INFINITE_RECURSION = YES;
				CLANG_WARN_INT_CONVERSION = YES;
				CLANG_WARN_NON_LITERAL_NULL_CONVERSION = YES;
				CLANG_WARN_OBJC_IMPLICIT_RETAIN_SELF = YES;
				CLANG_WARN_OBJC_LITERAL_CONVERSION = YES;
				CLANG_WARN_OBJC_ROOT_CLASS = YES_ERROR;
				CLANG_WARN_QUOTED_INCLUDE_IN_FRAMEWORK_HEADER = YES;
				CLANG_WARN_RANGE_LOOP_ANALYSIS = YES;
				CLANG_WARN_STRICT_PROTOTYPES = YES;
				CLANG_WARN_SUSPICIOUS_MOVE = YES;
				CLANG_WARN_UNGUARDED_AVAILABILITY = YES_AGGRESSIVE;
				CLANG_WARN_UNREACHABLE_CODE = YES;
				CLANG_WARN__DUPLICATE_METHOD_MATCH = YES;
				COPY_PHASE_STRIP = NO;
				DEBUG_INFORMATION_FORMAT = dwarf;
				ENABLE_STRICT_OBJC_MSGSEND = YES;
				ENABLE_TESTABILITY = YES;
				GCC_C_LANGUAGE_STANDARD = gnu11;
				GCC_DYNAMIC_NO_PIC = NO;
				GCC_NO_COMMON_BLOCKS = YES;
				GCC_OPTIMIZATION_LEVEL = 0;
				GCC_PREPROCESSOR_DEFINITIONS = (
					"DEBUG=1",
					"$(inherited)",
				);
				GCC_WARN_64_TO_32_BIT_CONVERSION = YES;
				GCC_WARN_ABOUT_RETURN_TYPE = YES_ERROR;
				GCC_WARN_UNDECLARED_SELECTOR = YES;
				GCC_WARN_UNINITIALIZED_AUTOS = YES_AGGRESSIVE;
				GCC_WARN_UNUSED_FUNCTION = YES;
				GCC_WARN_UNUSED_VARIABLE = YES;
				IPHONEOS_DEPLOYMENT_TARGET = 16.1;
				MTL_ENABLE_DEBUG_INFO = INCLUDE_SOURCE;
				MTL_FAST_MATH = YES;
				ONLY_ACTIVE_ARCH = YES;
				SDKROOT = iphoneos;
				SWIFT_ACTIVE_COMPILATION_CONDITIONS = DEBUG;
				SWIFT_OPTIMIZATION_LEVEL = "-Onone";
			};
			name = Debug;
		};
		4375CC4229166F3A00B317BD /* Release */ = {
			isa = XCBuildConfiguration;
			buildSettings = {
				ALWAYS_SEARCH_USER_PATHS = NO;
				CLANG_ANALYZER_NONNULL = YES;
				CLANG_ANALYZER_NUMBER_OBJECT_CONVERSION = YES_AGGRESSIVE;
				CLANG_CXX_LANGUAGE_STANDARD = "gnu++20";
				CLANG_ENABLE_MODULES = YES;
				CLANG_ENABLE_OBJC_ARC = YES;
				CLANG_ENABLE_OBJC_WEAK = YES;
				CLANG_WARN_BLOCK_CAPTURE_AUTORELEASING = YES;
				CLANG_WARN_BOOL_CONVERSION = YES;
				CLANG_WARN_COMMA = YES;
				CLANG_WARN_CONSTANT_CONVERSION = YES;
				CLANG_WARN_DEPRECATED_OBJC_IMPLEMENTATIONS = YES;
				CLANG_WARN_DIRECT_OBJC_ISA_USAGE = YES_ERROR;
				CLANG_WARN_DOCUMENTATION_COMMENTS = YES;
				CLANG_WARN_EMPTY_BODY = YES;
				CLANG_WARN_ENUM_CONVERSION = YES;
				CLANG_WARN_INFINITE_RECURSION = YES;
				CLANG_WARN_INT_CONVERSION = YES;
				CLANG_WARN_NON_LITERAL_NULL_CONVERSION = YES;
				CLANG_WARN_OBJC_IMPLICIT_RETAIN_SELF = YES;
				CLANG_WARN_OBJC_LITERAL_CONVERSION = YES;
				CLANG_WARN_OBJC_ROOT_CLASS = YES_ERROR;
				CLANG_WARN_QUOTED_INCLUDE_IN_FRAMEWORK_HEADER = YES;
				CLANG_WARN_RANGE_LOOP_ANALYSIS = YES;
				CLANG_WARN_STRICT_PROTOTYPES = YES;
				CLANG_WARN_SUSPICIOUS_MOVE = YES;
				CLANG_WARN_UNGUARDED_AVAILABILITY = YES_AGGRESSIVE;
				CLANG_WARN_UNREACHABLE_CODE = YES;
				CLANG_WARN__DUPLICATE_METHOD_MATCH = YES;
				COPY_PHASE_STRIP = NO;
				DEBUG_INFORMATION_FORMAT = "dwarf-with-dsym";
				ENABLE_NS_ASSERTIONS = NO;
				ENABLE_STRICT_OBJC_MSGSEND = YES;
				GCC_C_LANGUAGE_STANDARD = gnu11;
				GCC_NO_COMMON_BLOCKS = YES;
				GCC_WARN_64_TO_32_BIT_CONVERSION = YES;
				GCC_WARN_ABOUT_RETURN_TYPE = YES_ERROR;
				GCC_WARN_UNDECLARED_SELECTOR = YES;
				GCC_WARN_UNINITIALIZED_AUTOS = YES_AGGRESSIVE;
				GCC_WARN_UNUSED_FUNCTION = YES;
				GCC_WARN_UNUSED_VARIABLE = YES;
				IPHONEOS_DEPLOYMENT_TARGET = 16.1;
				MTL_ENABLE_DEBUG_INFO = NO;
				MTL_FAST_MATH = YES;
				SDKROOT = iphoneos;
				SWIFT_COMPILATION_MODE = wholemodule;
				SWIFT_OPTIMIZATION_LEVEL = "-O";
				VALIDATE_PRODUCT = YES;
			};
			name = Release;
		};
		4375CC4429166F3A00B317BD /* Debug */ = {
			isa = XCBuildConfiguration;
			buildSettings = {
				ASSETCATALOG_COMPILER_APPICON_NAME = AppIcon;
				ASSETCATALOG_COMPILER_GLOBAL_ACCENT_COLOR_NAME = AccentColor;
				CODE_SIGN_STYLE = Automatic;
				CURRENT_PROJECT_VERSION = 1;
				DEVELOPMENT_ASSET_PATHS = "\"Animations/Preview Content\"";
				DEVELOPMENT_TEAM = 9GXLB7L68F;
				ENABLE_PREVIEWS = YES;
				GENERATE_INFOPLIST_FILE = YES;
				INFOPLIST_KEY_UIApplicationSceneManifest_Generation = YES;
				INFOPLIST_KEY_UIApplicationSupportsIndirectInputEvents = YES;
				INFOPLIST_KEY_UILaunchScreen_Generation = YES;
				INFOPLIST_KEY_UISupportedInterfaceOrientations_iPad = "UIInterfaceOrientationPortrait UIInterfaceOrientationPortraitUpsideDown UIInterfaceOrientationLandscapeLeft UIInterfaceOrientationLandscapeRight";
				INFOPLIST_KEY_UISupportedInterfaceOrientations_iPhone = "UIInterfaceOrientationPortrait UIInterfaceOrientationLandscapeLeft UIInterfaceOrientationLandscapeRight";
				LD_RUNPATH_SEARCH_PATHS = (
					"$(inherited)",
					"@executable_path/Frameworks",
				);
				MARKETING_VERSION = 1.0;
				PRODUCT_BUNDLE_IDENTIFIER = pae.Animations;
				PRODUCT_NAME = "$(TARGET_NAME)";
				SWIFT_EMIT_LOC_STRINGS = YES;
				SWIFT_VERSION = 5.0;
				TARGETED_DEVICE_FAMILY = "1,2";
			};
			name = Debug;
		};
		4375CC4529166F3A00B317BD /* Release */ = {
			isa = XCBuildConfiguration;
			buildSettings = {
				ASSETCATALOG_COMPILER_APPICON_NAME = AppIcon;
				ASSETCATALOG_COMPILER_GLOBAL_ACCENT_COLOR_NAME = AccentColor;
				CODE_SIGN_STYLE = Automatic;
				CURRENT_PROJECT_VERSION = 1;
				DEVELOPMENT_ASSET_PATHS = "\"Animations/Preview Content\"";
				DEVELOPMENT_TEAM = 9GXLB7L68F;
				ENABLE_PREVIEWS = YES;
				GENERATE_INFOPLIST_FILE = YES;
				INFOPLIST_KEY_UIApplicationSceneManifest_Generation = YES;
				INFOPLIST_KEY_UIApplicationSupportsIndirectInputEvents = YES;
				INFOPLIST_KEY_UILaunchScreen_Generation = YES;
				INFOPLIST_KEY_UISupportedInterfaceOrientations_iPad = "UIInterfaceOrientationPortrait UIInterfaceOrientationPortraitUpsideDown UIInterfaceOrientationLandscapeLeft UIInterfaceOrientationLandscapeRight";
				INFOPLIST_KEY_UISupportedInterfaceOrientations_iPhone = "UIInterfaceOrientationPortrait UIInterfaceOrientationLandscapeLeft UIInterfaceOrientationLandscapeRight";
				LD_RUNPATH_SEARCH_PATHS = (
					"$(inherited)",
					"@executable_path/Frameworks",
				);
				MARKETING_VERSION = 1.0;
				PRODUCT_BUNDLE_IDENTIFIER = pae.Animations;
				PRODUCT_NAME = "$(TARGET_NAME)";
				SWIFT_EMIT_LOC_STRINGS = YES;
				SWIFT_VERSION = 5.0;
				TARGETED_DEVICE_FAMILY = "1,2";
			};
			name = Release;
		};
/* End XCBuildConfiguration section */

/* Begin XCConfigurationList section */
		4375CC3029166F3800B317BD /* Build configuration list for PBXProject "Animations" */ = {
			isa = XCConfigurationList;
			buildConfigurations = (
				4375CC4129166F3A00B317BD /* Debug */,
				4375CC4229166F3A00B317BD /* Release */,
			);
			defaultConfigurationIsVisible = 0;
			defaultConfigurationName = Release;
		};
		4375CC4329166F3A00B317BD /* Build configuration list for PBXNativeTarget "Animations" */ = {
			isa = XCConfigurationList;
			buildConfigurations = (
				4375CC4429166F3A00B317BD /* Debug */,
				4375CC4529166F3A00B317BD /* Release */,
			);
			defaultConfigurationIsVisible = 0;
			defaultConfigurationName = Release;
		};
/* End XCConfigurationList section */
	};
	rootObject = 4375CC2D29166F3800B317BD /* Project object */;
}
